
Microsoft Visual Studio Solution File, Format Version 12.00
# Visual Studio Version 17
VisualStudioVersion = 17.1.32228.430
MinimumVisualStudioVersion = 10.0.40219.1
Project("{FAE04EC0-301F-11D3-BF4B-00C04F79EFBC}") = "ProjEventos", "ProjEventos\ProjEventos.csproj", "{891D14AC-1CD0-4C45-B76A-296BF2D8C87C}"
EndProject
Project("{FAE04EC0-301F-11D3-BF4B-00C04F79EFBC}") = "Models", "Models\Models.csproj", "{D4DC5FBF-491B-4318-8D9A-09FA4EC734D6}"
EndProject
Global
	GlobalSection(SolutionConfigurationPlatforms) = preSolution
		Debug|Any CPU = Debug|Any CPU
		Release|Any CPU = Release|Any CPU
	EndGlobalSection
	GlobalSection(ProjectConfigurationPlatforms) = postSolution
		{891D14AC-1CD0-4C45-B76A-296BF2D8C87C}.Debug|Any CPU.ActiveCfg = Debug|Any CPU
		{891D14AC-1CD0-4C45-B76A-296BF2D8C87C}.Debug|Any CPU.Build.0 = Debug|Any CPU
		{891D14AC-1CD0-4C45-B76A-296BF2D8C87C}.Release|Any CPU.ActiveCfg = Release|Any CPU
		{891D14AC-1CD0-4C45-B76A-296BF2D8C87C}.Release|Any CPU.Build.0 = Release|Any CPU
		{D4DC5FBF-491B-4318-8D9A-09FA4EC734D6}.Debug|Any CPU.ActiveCfg = Debug|Any CPU
		{D4DC5FBF-491B-4318-8D9A-09FA4EC734D6}.Debug|Any CPU.Build.0 = Debug|Any CPU
		{D4DC5FBF-491B-4318-8D9A-09FA4EC734D6}.Release|Any CPU.ActiveCfg = Release|Any CPU
		{D4DC5FBF-491B-4318-8D9A-09FA4EC734D6}.Release|Any CPU.Build.0 = Release|Any CPU
	EndGlobalSection
	GlobalSection(SolutionProperties) = preSolution
		HideSolutionNode = FALSE
	EndGlobalSection
	GlobalSection(ExtensibilityGlobals) = postSolution
		SolutionGuid = {20087531-1D36-4993-9FD9-140D777FC559}
	EndGlobalSection
EndGlobal
